
Microsoft Visual Studio Solution File, Format Version 12.00
# Visual Studio Version 16
VisualStudioVersion = 16.0.31005.135
MinimumVisualStudioVersion = 10.0.40219.1
Project("{9A19103F-16F7-4668-BE54-9A1E7A4F7556}") = "SimpleCommunication.API", "SimpleCommunication.API\SimpleCommunication.API.csproj", "{26F41616-BF95-4A33-96D9-8A9A0C5F9383}"
EndProject
Project("{FAE04EC0-301F-11D3-BF4B-00C04F79EFBC}") = "SimpleCommunication.Infrastructure", "SimpleCommunication.Infrastructure\SimpleCommunication.Infrastructure.csproj", "{49524CE2-3021-4FC4-8417-BFA354CD7738}"
EndProject
Project("{FAE04EC0-301F-11D3-BF4B-00C04F79EFBC}") = "SimpleCommunication.Core", "SimpleCommunication.Core\SimpleCommunication.Core.csproj", "{8F1BE568-3AD5-439C-8AF0-2A655525D5E2}"
EndProject
Global
	GlobalSection(SolutionConfigurationPlatforms) = preSolution
		Debug|Any CPU = Debug|Any CPU
		Release|Any CPU = Release|Any CPU
	EndGlobalSection
	GlobalSection(ProjectConfigurationPlatforms) = postSolution
		{26F41616-BF95-4A33-96D9-8A9A0C5F9383}.Debug|Any CPU.ActiveCfg = Debug|Any CPU
		{26F41616-BF95-4A33-96D9-8A9A0C5F9383}.Debug|Any CPU.Build.0 = Debug|Any CPU
		{26F41616-BF95-4A33-96D9-8A9A0C5F9383}.Release|Any CPU.ActiveCfg = Release|Any CPU
		{26F41616-BF95-4A33-96D9-8A9A0C5F9383}.Release|Any CPU.Build.0 = Release|Any CPU
		{49524CE2-3021-4FC4-8417-BFA354CD7738}.Debug|Any CPU.ActiveCfg = Debug|Any CPU
		{49524CE2-3021-4FC4-8417-BFA354CD7738}.Debug|Any CPU.Build.0 = Debug|Any CPU
		{49524CE2-3021-4FC4-8417-BFA354CD7738}.Release|Any CPU.ActiveCfg = Release|Any CPU
		{49524CE2-3021-4FC4-8417-BFA354CD7738}.Release|Any CPU.Build.0 = Release|Any CPU
		{8F1BE568-3AD5-439C-8AF0-2A655525D5E2}.Debug|Any CPU.ActiveCfg = Debug|Any CPU
		{8F1BE568-3AD5-439C-8AF0-2A655525D5E2}.Debug|Any CPU.Build.0 = Debug|Any CPU
		{8F1BE568-3AD5-439C-8AF0-2A655525D5E2}.Release|Any CPU.ActiveCfg = Release|Any CPU
		{8F1BE568-3AD5-439C-8AF0-2A655525D5E2}.Release|Any CPU.Build.0 = Release|Any CPU
	EndGlobalSection
	GlobalSection(SolutionProperties) = preSolution
		HideSolutionNode = FALSE
	EndGlobalSection
	GlobalSection(ExtensibilityGlobals) = postSolution
		SolutionGuid = {324164EB-68AC-48FD-9E37-84ABB1BB3623}
	EndGlobalSection
EndGlobal
